// !$*UTF8*$!
{
	archiveVersion = 1;
	classes = {
	};
	objectVersion = 55;
	objects = {

/* Begin PBXBuildFile section */
		34ABE61527361E5700B281A8 /* AppDelegate.swift in Sources */ = {isa = PBXBuildFile; fileRef = 34ABE61427361E5700B281A8 /* AppDelegate.swift */; };
		34ABE61727361E5700B281A8 /* SceneDelegate.swift in Sources */ = {isa = PBXBuildFile; fileRef = 34ABE61627361E5700B281A8 /* SceneDelegate.swift */; };
		34ABE61C27361E5700B281A8 /* Main.storyboard in Resources */ = {isa = PBXBuildFile; fileRef = 34ABE61A27361E5700B281A8 /* Main.storyboard */; };
		34ABE61E27361E5C00B281A8 /* Assets.xcassets in Resources */ = {isa = PBXBuildFile; fileRef = 34ABE61D27361E5C00B281A8 /* Assets.xcassets */; };
		34ABE62127361E5C00B281A8 /* LaunchScreen.storyboard in Resources */ = {isa = PBXBuildFile; fileRef = 34ABE61F27361E5C00B281A8 /* LaunchScreen.storyboard */; };
		34ABE62C27361E5D00B281A8 /* InstagramCloneTests.swift in Sources */ = {isa = PBXBuildFile; fileRef = 34ABE62B27361E5D00B281A8 /* InstagramCloneTests.swift */; };
		34ABE63627361E5D00B281A8 /* InstagramCloneUITests.swift in Sources */ = {isa = PBXBuildFile; fileRef = 34ABE63527361E5D00B281A8 /* InstagramCloneUITests.swift */; };
		34ABE63827361E5D00B281A8 /* InstagramCloneUITestsLaunchTests.swift in Sources */ = {isa = PBXBuildFile; fileRef = 34ABE63727361E5D00B281A8 /* InstagramCloneUITestsLaunchTests.swift */; };
		34ABE64527362FD000B281A8 /* LoginViewController.swift in Sources */ = {isa = PBXBuildFile; fileRef = 34ABE64427362FD000B281A8 /* LoginViewController.swift */; };
		34ABE64727362FE600B281A8 /* FeedViewController.swift in Sources */ = {isa = PBXBuildFile; fileRef = 34ABE64627362FE600B281A8 /* FeedViewController.swift */; };
		34ABE6492738856E00B281A8 /* CameraViewController.swift in Sources */ = {isa = PBXBuildFile; fileRef = 34ABE6482738856E00B281A8 /* CameraViewController.swift */; };
		34ABE64B2738AAEF00B281A8 /* PostCell.swift in Sources */ = {isa = PBXBuildFile; fileRef = 34ABE64A2738AAEF00B281A8 /* PostCell.swift */; };
		755E1B48412A9A701CD29026 /* Pods_InstagramClone_InstagramCloneUITests.framework in Frameworks */ = {isa = PBXBuildFile; fileRef = AC61BB76D26EC7918CDDBAA8 /* Pods_InstagramClone_InstagramCloneUITests.framework */; };
		AC860F9E714E29A94F8ED7FD /* Pods_InstagramCloneTests.framework in Frameworks */ = {isa = PBXBuildFile; fileRef = BEE5AF1F6F980B88047E184E /* Pods_InstagramCloneTests.framework */; };
		FCCD1C1786FD32E54F1D5561 /* Pods_InstagramClone.framework in Frameworks */ = {isa = PBXBuildFile; fileRef = 7C10EB0FBC8C2B617F4306FE /* Pods_InstagramClone.framework */; };
/* End PBXBuildFile section */

/* Begin PBXContainerItemProxy section */
		34ABE62827361E5D00B281A8 /* PBXContainerItemProxy */ = {
			isa = PBXContainerItemProxy;
			containerPortal = 34ABE60927361E5700B281A8 /* Project object */;
			proxyType = 1;
			remoteGlobalIDString = 34ABE61027361E5700B281A8;
			remoteInfo = InstagramClone;
		};
		34ABE63227361E5D00B281A8 /* PBXContainerItemProxy */ = {
			isa = PBXContainerItemProxy;
			containerPortal = 34ABE60927361E5700B281A8 /* Project object */;
			proxyType = 1;
			remoteGlobalIDString = 34ABE61027361E5700B281A8;
			remoteInfo = InstagramClone;
		};
/* End PBXContainerItemProxy section */

/* Begin PBXFileReference section */
		13D392B957A0615CDB4CED39 /* Pods-InstagramClone.release.xcconfig */ = {isa = PBXFileReference; includeInIndex = 1; lastKnownFileType = text.xcconfig; name = "Pods-InstagramClone.release.xcconfig"; path = "Target Support Files/Pods-InstagramClone/Pods-InstagramClone.release.xcconfig"; sourceTree = "<group>"; };
		289534CDF6A4398B0CEA7C33 /* Pods-InstagramClone.debug.xcconfig */ = {isa = PBXFileReference; includeInIndex = 1; lastKnownFileType = text.xcconfig; name = "Pods-InstagramClone.debug.xcconfig"; path = "Target Support Files/Pods-InstagramClone/Pods-InstagramClone.debug.xcconfig"; sourceTree = "<group>"; };
		34ABE61127361E5700B281A8 /* InstagramClone.app */ = {isa = PBXFileReference; explicitFileType = wrapper.application; includeInIndex = 0; path = InstagramClone.app; sourceTree = BUILT_PRODUCTS_DIR; };
		34ABE61427361E5700B281A8 /* AppDelegate.swift */ = {isa = PBXFileReference; lastKnownFileType = sourcecode.swift; path = AppDelegate.swift; sourceTree = "<group>"; };
		34ABE61627361E5700B281A8 /* SceneDelegate.swift */ = {isa = PBXFileReference; lastKnownFileType = sourcecode.swift; path = SceneDelegate.swift; sourceTree = "<group>"; };
		34ABE61B27361E5700B281A8 /* Base */ = {isa = PBXFileReference; lastKnownFileType = file.storyboard; name = Base; path = Base.lproj/Main.storyboard; sourceTree = "<group>"; };
		34ABE61D27361E5C00B281A8 /* Assets.xcassets */ = {isa = PBXFileReference; lastKnownFileType = folder.assetcatalog; path = Assets.xcassets; sourceTree = "<group>"; };
		34ABE62027361E5C00B281A8 /* Base */ = {isa = PBXFileReference; lastKnownFileType = file.storyboard; name = Base; path = Base.lproj/LaunchScreen.storyboard; sourceTree = "<group>"; };
		34ABE62227361E5C00B281A8 /* Info.plist */ = {isa = PBXFileReference; lastKnownFileType = text.plist.xml; path = Info.plist; sourceTree = "<group>"; };
		34ABE62727361E5D00B281A8 /* InstagramCloneTests.xctest */ = {isa = PBXFileReference; explicitFileType = wrapper.cfbundle; includeInIndex = 0; path = InstagramCloneTests.xctest; sourceTree = BUILT_PRODUCTS_DIR; };
		34ABE62B27361E5D00B281A8 /* InstagramCloneTests.swift */ = {isa = PBXFileReference; lastKnownFileType = sourcecode.swift; path = InstagramCloneTests.swift; sourceTree = "<group>"; };
		34ABE63127361E5D00B281A8 /* InstagramCloneUITests.xctest */ = {isa = PBXFileReference; explicitFileType = wrapper.cfbundle; includeInIndex = 0; path = InstagramCloneUITests.xctest; sourceTree = BUILT_PRODUCTS_DIR; };
		34ABE63527361E5D00B281A8 /* InstagramCloneUITests.swift */ = {isa = PBXFileReference; lastKnownFileType = sourcecode.swift; path = InstagramCloneUITests.swift; sourceTree = "<group>"; };
		34ABE63727361E5D00B281A8 /* InstagramCloneUITestsLaunchTests.swift */ = {isa = PBXFileReference; lastKnownFileType = sourcecode.swift; path = InstagramCloneUITestsLaunchTests.swift; sourceTree = "<group>"; };
		34ABE64427362FD000B281A8 /* LoginViewController.swift */ = {isa = PBXFileReference; lastKnownFileType = sourcecode.swift; path = LoginViewController.swift; sourceTree = "<group>"; };
		34ABE64627362FE600B281A8 /* FeedViewController.swift */ = {isa = PBXFileReference; lastKnownFileType = sourcecode.swift; path = FeedViewController.swift; sourceTree = "<group>"; };
		34ABE6482738856E00B281A8 /* CameraViewController.swift */ = {isa = PBXFileReference; lastKnownFileType = sourcecode.swift; path = CameraViewController.swift; sourceTree = "<group>"; };
		34ABE64A2738AAEF00B281A8 /* PostCell.swift */ = {isa = PBXFileReference; lastKnownFileType = sourcecode.swift; path = PostCell.swift; sourceTree = "<group>"; };
		526A5402AD8DA099FF3F23B1 /* Pods-InstagramClone-InstagramCloneUITests.release.xcconfig */ = {isa = PBXFileReference; includeInIndex = 1; lastKnownFileType = text.xcconfig; name = "Pods-InstagramClone-InstagramCloneUITests.release.xcconfig"; path = "Target Support Files/Pods-InstagramClone-InstagramCloneUITests/Pods-InstagramClone-InstagramCloneUITests.release.xcconfig"; sourceTree = "<group>"; };
		5466D4F34C2F89FB62AADB4B /* Pods-InstagramCloneTests.release.xcconfig */ = {isa = PBXFileReference; includeInIndex = 1; lastKnownFileType = text.xcconfig; name = "Pods-InstagramCloneTests.release.xcconfig"; path = "Target Support Files/Pods-InstagramCloneTests/Pods-InstagramCloneTests.release.xcconfig"; sourceTree = "<group>"; };
		7C10EB0FBC8C2B617F4306FE /* Pods_InstagramClone.framework */ = {isa = PBXFileReference; explicitFileType = wrapper.framework; includeInIndex = 0; path = Pods_InstagramClone.framework; sourceTree = BUILT_PRODUCTS_DIR; };
		AC61BB76D26EC7918CDDBAA8 /* Pods_InstagramClone_InstagramCloneUITests.framework */ = {isa = PBXFileReference; explicitFileType = wrapper.framework; includeInIndex = 0; path = Pods_InstagramClone_InstagramCloneUITests.framework; sourceTree = BUILT_PRODUCTS_DIR; };
		BEE5AF1F6F980B88047E184E /* Pods_InstagramCloneTests.framework */ = {isa = PBXFileReference; explicitFileType = wrapper.framework; includeInIndex = 0; path = Pods_InstagramCloneTests.framework; sourceTree = BUILT_PRODUCTS_DIR; };
		C11F25DAC18E09FAE401FA93 /* Pods-InstagramClone-InstagramCloneUITests.debug.xcconfig */ = {isa = PBXFileReference; includeInIndex = 1; lastKnownFileType = text.xcconfig; name = "Pods-InstagramClone-InstagramCloneUITests.debug.xcconfig"; path = "Target Support Files/Pods-InstagramClone-InstagramCloneUITests/Pods-InstagramClone-InstagramCloneUITests.debug.xcconfig"; sourceTree = "<group>"; };
		CFE833E0EC6F67BFBF35AC30 /* Pods-InstagramCloneTests.debug.xcconfig */ = {isa = PBXFileReference; includeInIndex = 1; lastKnownFileType = text.xcconfig; name = "Pods-InstagramCloneTests.debug.xcconfig"; path = "Target Support Files/Pods-InstagramCloneTests/Pods-InstagramCloneTests.debug.xcconfig"; sourceTree = "<group>"; };
/* End PBXFileReference section */

/* Begin PBXFrameworksBuildPhase section */
		34ABE60E27361E5700B281A8 /* Frameworks */ = {
			isa = PBXFrameworksBuildPhase;
			buildActionMask = 2147483647;
			files = (
				FCCD1C1786FD32E54F1D5561 /* Pods_InstagramClone.framework in Frameworks */,
			);
			runOnlyForDeploymentPostprocessing = 0;
		};
		34ABE62427361E5D00B281A8 /* Frameworks */ = {
			isa = PBXFrameworksBuildPhase;
			buildActionMask = 2147483647;
			files = (
				AC860F9E714E29A94F8ED7FD /* Pods_InstagramCloneTests.framework in Frameworks */,
			);
			runOnlyForDeploymentPostprocessing = 0;
		};
		34ABE62E27361E5D00B281A8 /* Frameworks */ = {
			isa = PBXFrameworksBuildPhase;
			buildActionMask = 2147483647;
			files = (
				755E1B48412A9A701CD29026 /* Pods_InstagramClone_InstagramCloneUITests.framework in Frameworks */,
			);
			runOnlyForDeploymentPostprocessing = 0;
		};
/* End PBXFrameworksBuildPhase section */

/* Begin PBXGroup section */
		34ABE60827361E5700B281A8 = {
			isa = PBXGroup;
			children = (
				34ABE61327361E5700B281A8 /* InstagramClone */,
				34ABE62A27361E5D00B281A8 /* InstagramCloneTests */,
				34ABE63427361E5D00B281A8 /* InstagramCloneUITests */,
				34ABE61227361E5700B281A8 /* Products */,
				669DBB6799AF2CDE57DABF74 /* Pods */,
				D4281B2D91F7FC6367A1A5F5 /* Frameworks */,
			);
			sourceTree = "<group>";
		};
		34ABE61227361E5700B281A8 /* Products */ = {
			isa = PBXGroup;
			children = (
				34ABE61127361E5700B281A8 /* InstagramClone.app */,
				34ABE62727361E5D00B281A8 /* InstagramCloneTests.xctest */,
				34ABE63127361E5D00B281A8 /* InstagramCloneUITests.xctest */,
			);
			name = Products;
			sourceTree = "<group>";
		};
		34ABE61327361E5700B281A8 /* InstagramClone */ = {
			isa = PBXGroup;
			children = (
				34ABE61427361E5700B281A8 /* AppDelegate.swift */,
				34ABE61627361E5700B281A8 /* SceneDelegate.swift */,
				34ABE61A27361E5700B281A8 /* Main.storyboard */,
				34ABE61D27361E5C00B281A8 /* Assets.xcassets */,
				34ABE61F27361E5C00B281A8 /* LaunchScreen.storyboard */,
				34ABE62227361E5C00B281A8 /* Info.plist */,
				34ABE64427362FD000B281A8 /* LoginViewController.swift */,
				34ABE64627362FE600B281A8 /* FeedViewController.swift */,
				34ABE6482738856E00B281A8 /* CameraViewController.swift */,
				34ABE64A2738AAEF00B281A8 /* PostCell.swift */,
			);
			path = InstagramClone;
			sourceTree = "<group>";
		};
		34ABE62A27361E5D00B281A8 /* InstagramCloneTests */ = {
			isa = PBXGroup;
			children = (
				34ABE62B27361E5D00B281A8 /* InstagramCloneTests.swift */,
			);
			path = InstagramCloneTests;
			sourceTree = "<group>";
		};
		34ABE63427361E5D00B281A8 /* InstagramCloneUITests */ = {
			isa = PBXGroup;
			children = (
				34ABE63527361E5D00B281A8 /* InstagramCloneUITests.swift */,
				34ABE63727361E5D00B281A8 /* InstagramCloneUITestsLaunchTests.swift */,
			);
			path = InstagramCloneUITests;
			sourceTree = "<group>";
		};
		669DBB6799AF2CDE57DABF74 /* Pods */ = {
			isa = PBXGroup;
			children = (
				289534CDF6A4398B0CEA7C33 /* Pods-InstagramClone.debug.xcconfig */,
				13D392B957A0615CDB4CED39 /* Pods-InstagramClone.release.xcconfig */,
				C11F25DAC18E09FAE401FA93 /* Pods-InstagramClone-InstagramCloneUITests.debug.xcconfig */,
				526A5402AD8DA099FF3F23B1 /* Pods-InstagramClone-InstagramCloneUITests.release.xcconfig */,
				CFE833E0EC6F67BFBF35AC30 /* Pods-InstagramCloneTests.debug.xcconfig */,
				5466D4F34C2F89FB62AADB4B /* Pods-InstagramCloneTests.release.xcconfig */,
			);
			path = Pods;
			sourceTree = "<group>";
		};
		D4281B2D91F7FC6367A1A5F5 /* Frameworks */ = {
			isa = PBXGroup;
			children = (
				7C10EB0FBC8C2B617F4306FE /* Pods_InstagramClone.framework */,
				AC61BB76D26EC7918CDDBAA8 /* Pods_InstagramClone_InstagramCloneUITests.framework */,
				BEE5AF1F6F980B88047E184E /* Pods_InstagramCloneTests.framework */,
			);
			name = Frameworks;
			sourceTree = "<group>";
		};
/* End PBXGroup section */

/* Begin PBXNativeTarget section */
		34ABE61027361E5700B281A8 /* InstagramClone */ = {
			isa = PBXNativeTarget;
			buildConfigurationList = 34ABE63B27361E5D00B281A8 /* Build configuration list for PBXNativeTarget "InstagramClone" */;
			buildPhases = (
				7C2D6A2FEFA425D0C0881405 /* [CP] Check Pods Manifest.lock */,
				34ABE60D27361E5700B281A8 /* Sources */,
				34ABE60E27361E5700B281A8 /* Frameworks */,
				34ABE60F27361E5700B281A8 /* Resources */,
				D0932C91C64C0A97652CC97B /* [CP] Embed Pods Frameworks */,
			);
			buildRules = (
			);
			dependencies = (
			);
			name = InstagramClone;
			productName = InstagramClone;
			productReference = 34ABE61127361E5700B281A8 /* InstagramClone.app */;
			productType = "com.apple.product-type.application";
		};
		34ABE62627361E5D00B281A8 /* InstagramCloneTests */ = {
			isa = PBXNativeTarget;
			buildConfigurationList = 34ABE63E27361E5D00B281A8 /* Build configuration list for PBXNativeTarget "InstagramCloneTests" */;
			buildPhases = (
				5FF1B038EB7014A89F4B0DD7 /* [CP] Check Pods Manifest.lock */,
				34ABE62327361E5D00B281A8 /* Sources */,
				34ABE62427361E5D00B281A8 /* Frameworks */,
				34ABE62527361E5D00B281A8 /* Resources */,
			);
			buildRules = (
			);
			dependencies = (
				34ABE62927361E5D00B281A8 /* PBXTargetDependency */,
			);
			name = InstagramCloneTests;
			productName = InstagramCloneTests;
			productReference = 34ABE62727361E5D00B281A8 /* InstagramCloneTests.xctest */;
			productType = "com.apple.product-type.bundle.unit-test";
		};
		34ABE63027361E5D00B281A8 /* InstagramCloneUITests */ = {
			isa = PBXNativeTarget;
			buildConfigurationList = 34ABE64127361E5D00B281A8 /* Build configuration list for PBXNativeTarget "InstagramCloneUITests" */;
			buildPhases = (
				3B13340C929E2E8779EEED60 /* [CP] Check Pods Manifest.lock */,
				34ABE62D27361E5D00B281A8 /* Sources */,
				34ABE62E27361E5D00B281A8 /* Frameworks */,
				34ABE62F27361E5D00B281A8 /* Resources */,
				DBECDB3B8C88AA4B3B6F3E37 /* [CP] Embed Pods Frameworks */,
			);
			buildRules = (
			);
			dependencies = (
				34ABE63327361E5D00B281A8 /* PBXTargetDependency */,
			);
			name = InstagramCloneUITests;
			productName = InstagramCloneUITests;
			productReference = 34ABE63127361E5D00B281A8 /* InstagramCloneUITests.xctest */;
			productType = "com.apple.product-type.bundle.ui-testing";
		};
/* End PBXNativeTarget section */

/* Begin PBXProject section */
		34ABE60927361E5700B281A8 /* Project object */ = {
			isa = PBXProject;
			attributes = {
				BuildIndependentTargetsInParallel = 1;
				LastSwiftUpdateCheck = 1310;
				LastUpgradeCheck = 1310;
				TargetAttributes = {
					34ABE61027361E5700B281A8 = {
						CreatedOnToolsVersion = 13.1;
					};
					34ABE62627361E5D00B281A8 = {
						CreatedOnToolsVersion = 13.1;
						TestTargetID = 34ABE61027361E5700B281A8;
					};
					34ABE63027361E5D00B281A8 = {
						CreatedOnToolsVersion = 13.1;
						TestTargetID = 34ABE61027361E5700B281A8;
					};
				};
			};
			buildConfigurationList = 34ABE60C27361E5700B281A8 /* Build configuration list for PBXProject "InstagramClone" */;
			compatibilityVersion = "Xcode 13.0";
			developmentRegion = en;
			hasScannedForEncodings = 0;
			knownRegions = (
				en,
				Base,
			);
			mainGroup = 34ABE60827361E5700B281A8;
			productRefGroup = 34ABE61227361E5700B281A8 /* Products */;
			projectDirPath = "";
			projectRoot = "";
			targets = (
				34ABE61027361E5700B281A8 /* InstagramClone */,
				34ABE62627361E5D00B281A8 /* InstagramCloneTests */,
				34ABE63027361E5D00B281A8 /* InstagramCloneUITests */,
			);
		};
/* End PBXProject section */

/* Begin PBXResourcesBuildPhase section */
		34ABE60F27361E5700B281A8 /* Resources */ = {
			isa = PBXResourcesBuildPhase;
			buildActionMask = 2147483647;
			files = (
				34ABE62127361E5C00B281A8 /* LaunchScreen.storyboard in Resources */,
				34ABE61E27361E5C00B281A8 /* Assets.xcassets in Resources */,
				34ABE61C27361E5700B281A8 /* Main.storyboard in Resources */,
			);
			runOnlyForDeploymentPostprocessing = 0;
		};
		34ABE62527361E5D00B281A8 /* Resources */ = {
			isa = PBXResourcesBuildPhase;
			buildActionMask = 2147483647;
			files = (
			);
			runOnlyForDeploymentPostprocessing = 0;
		};
		34ABE62F27361E5D00B281A8 /* Resources */ = {
			isa = PBXResourcesBuildPhase;
			buildActionMask = 2147483647;
			files = (
			);
			runOnlyForDeploymentPostprocessing = 0;
		};
/* End PBXResourcesBuildPhase section */

/* Begin PBXShellScriptBuildPhase section */
		3B13340C929E2E8779EEED60 /* [CP] Check Pods Manifest.lock */ = {
			isa = PBXShellScriptBuildPhase;
			buildActionMask = 2147483647;
			files = (
			);
			inputFileListPaths = (
			);
			inputPaths = (
				"${PODS_PODFILE_DIR_PATH}/Podfile.lock",
				"${PODS_ROOT}/Manifest.lock",
			);
			name = "[CP] Check Pods Manifest.lock";
			outputFileListPaths = (
			);
			outputPaths = (
				"$(DERIVED_FILE_DIR)/Pods-InstagramClone-InstagramCloneUITests-checkManifestLockResult.txt",
			);
			runOnlyForDeploymentPostprocessing = 0;
			shellPath = /bin/sh;
			shellScript = "diff \"${PODS_PODFILE_DIR_PATH}/Podfile.lock\" \"${PODS_ROOT}/Manifest.lock\" > /dev/null\nif [ $? != 0 ] ; then\n    # print error to STDERR\n    echo \"error: The sandbox is not in sync with the Podfile.lock. Run 'pod install' or update your CocoaPods installation.\" >&2\n    exit 1\nfi\n# This output is used by Xcode 'outputs' to avoid re-running this script phase.\necho \"SUCCESS\" > \"${SCRIPT_OUTPUT_FILE_0}\"\n";
			showEnvVarsInLog = 0;
		};
		5FF1B038EB7014A89F4B0DD7 /* [CP] Check Pods Manifest.lock */ = {
			isa = PBXShellScriptBuildPhase;
			buildActionMask = 2147483647;
			files = (
			);
			inputFileListPaths = (
			);
			inputPaths = (
				"${PODS_PODFILE_DIR_PATH}/Podfile.lock",
				"${PODS_ROOT}/Manifest.lock",
			);
			name = "[CP] Check Pods Manifest.lock";
			outputFileListPaths = (
			);
			outputPaths = (
				"$(DERIVED_FILE_DIR)/Pods-InstagramCloneTests-checkManifestLockResult.txt",
			);
			runOnlyForDeploymentPostprocessing = 0;
			shellPath = /bin/sh;
			shellScript = "diff \"${PODS_PODFILE_DIR_PATH}/Podfile.lock\" \"${PODS_ROOT}/Manifest.lock\" > /dev/null\nif [ $? != 0 ] ; then\n    # print error to STDERR\n    echo \"error: The sandbox is not in sync with the Podfile.lock. Run 'pod install' or update your CocoaPods installation.\" >&2\n    exit 1\nfi\n# This output is used by Xcode 'outputs' to avoid re-running this script phase.\necho \"SUCCESS\" > \"${SCRIPT_OUTPUT_FILE_0}\"\n";
			showEnvVarsInLog = 0;
		};
		7C2D6A2FEFA425D0C0881405 /* [CP] Check Pods Manifest.lock */ = {
			isa = PBXShellScriptBuildPhase;
			buildActionMask = 2147483647;
			files = (
			);
			inputFileListPaths = (
			);
			inputPaths = (
				"${PODS_PODFILE_DIR_PATH}/Podfile.lock",
				"${PODS_ROOT}/Manifest.lock",
			);
			name = "[CP] Check Pods Manifest.lock";
			outputFileListPaths = (
			);
			outputPaths = (
				"$(DERIVED_FILE_DIR)/Pods-InstagramClone-checkManifestLockResult.txt",
			);
			runOnlyForDeploymentPostprocessing = 0;
			shellPath = /bin/sh;
			shellScript = "diff \"${PODS_PODFILE_DIR_PATH}/Podfile.lock\" \"${PODS_ROOT}/Manifest.lock\" > /dev/null\nif [ $? != 0 ] ; then\n    # print error to STDERR\n    echo \"error: The sandbox is not in sync with the Podfile.lock. Run 'pod install' or update your CocoaPods installation.\" >&2\n    exit 1\nfi\n# This output is used by Xcode 'outputs' to avoid re-running this script phase.\necho \"SUCCESS\" > \"${SCRIPT_OUTPUT_FILE_0}\"\n";
			showEnvVarsInLog = 0;
		};
		D0932C91C64C0A97652CC97B /* [CP] Embed Pods Frameworks */ = {
			isa = PBXShellScriptBuildPhase;
			buildActionMask = 2147483647;
			files = (
			);
			inputFileListPaths = (
				"${PODS_ROOT}/Target Support Files/Pods-InstagramClone/Pods-InstagramClone-frameworks-${CONFIGURATION}-input-files.xcfilelist",
			);
			name = "[CP] Embed Pods Frameworks";
			outputFileListPaths = (
				"${PODS_ROOT}/Target Support Files/Pods-InstagramClone/Pods-InstagramClone-frameworks-${CONFIGURATION}-output-files.xcfilelist",
			);
			runOnlyForDeploymentPostprocessing = 0;
			shellPath = /bin/sh;
			shellScript = "\"${PODS_ROOT}/Target Support Files/Pods-InstagramClone/Pods-InstagramClone-frameworks.sh\"\n";
			showEnvVarsInLog = 0;
		};
		DBECDB3B8C88AA4B3B6F3E37 /* [CP] Embed Pods Frameworks */ = {
			isa = PBXShellScriptBuildPhase;
			buildActionMask = 2147483647;
			files = (
			);
			inputFileListPaths = (
				"${PODS_ROOT}/Target Support Files/Pods-InstagramClone-InstagramCloneUITests/Pods-InstagramClone-InstagramCloneUITests-frameworks-${CONFIGURATION}-input-files.xcfilelist",
			);
			name = "[CP] Embed Pods Frameworks";
			outputFileListPaths = (
				"${PODS_ROOT}/Target Support Files/Pods-InstagramClone-InstagramCloneUITests/Pods-InstagramClone-InstagramCloneUITests-frameworks-${CONFIGURATION}-output-files.xcfilelist",
			);
			runOnlyForDeploymentPostprocessing = 0;
			shellPath = /bin/sh;
			shellScript = "\"${PODS_ROOT}/Target Support Files/Pods-InstagramClone-InstagramCloneUITests/Pods-InstagramClone-InstagramCloneUITests-frameworks.sh\"\n";
			showEnvVarsInLog = 0;
		};
/* End PBXShellScriptBuildPhase section */

/* Begin PBXSourcesBuildPhase section */
		34ABE60D27361E5700B281A8 /* Sources */ = {
			isa = PBXSourcesBuildPhase;
			buildActionMask = 2147483647;
			files = (
				34ABE64527362FD000B281A8 /* LoginViewController.swift in Sources */,
				34ABE6492738856E00B281A8 /* CameraViewController.swift in Sources */,
				34ABE61527361E5700B281A8 /* AppDelegate.swift in Sources */,
				34ABE64727362FE600B281A8 /* FeedViewController.swift in Sources */,
				34ABE61727361E5700B281A8 /* SceneDelegate.swift in Sources */,
				34ABE64B2738AAEF00B281A8 /* PostCell.swift in Sources */,
			);
			runOnlyForDeploymentPostprocessing = 0;
		};
		34ABE62327361E5D00B281A8 /* Sources */ = {
			isa = PBXSourcesBuildPhase;
			buildActionMask = 2147483647;
			files = (
				34ABE62C27361E5D00B281A8 /* InstagramCloneTests.swift in Sources */,
			);
			runOnlyForDeploymentPostprocessing = 0;
		};
		34ABE62D27361E5D00B281A8 /* Sources */ = {
			isa = PBXSourcesBuildPhase;
			buildActionMask = 2147483647;
			files = (
				34ABE63627361E5D00B281A8 /* InstagramCloneUITests.swift in Sources */,
				34ABE63827361E5D00B281A8 /* InstagramCloneUITestsLaunchTests.swift in Sources */,
			);
			runOnlyForDeploymentPostprocessing = 0;
		};
/* End PBXSourcesBuildPhase section */

/* Begin PBXTargetDependency section */
		34ABE62927361E5D00B281A8 /* PBXTargetDependency */ = {
			isa = PBXTargetDependency;
			target = 34ABE61027361E5700B281A8 /* InstagramClone */;
			targetProxy = 34ABE62827361E5D00B281A8 /* PBXContainerItemProxy */;
		};
		34ABE63327361E5D00B281A8 /* PBXTargetDependency */ = {
			isa = PBXTargetDependency;
			target = 34ABE61027361E5700B281A8 /* InstagramClone */;
			targetProxy = 34ABE63227361E5D00B281A8 /* PBXContainerItemProxy */;
		};
/* End PBXTargetDependency section */

/* Begin PBXVariantGroup section */
		34ABE61A27361E5700B281A8 /* Main.storyboard */ = {
			isa = PBXVariantGroup;
			children = (
				34ABE61B27361E5700B281A8 /* Base */,
			);
			name = Main.storyboard;
			sourceTree = "<group>";
		};
		34ABE61F27361E5C00B281A8 /* LaunchScreen.storyboard */ = {
			isa = PBXVariantGroup;
			children = (
				34ABE62027361E5C00B281A8 /* Base */,
			);
			name = LaunchScreen.storyboard;
			sourceTree = "<group>";
		};
/* End PBXVariantGroup section */

/* Begin XCBuildConfiguration section */
		34ABE63927361E5D00B281A8 /* Debug */ = {
			isa = XCBuildConfiguration;
			buildSettings = {
				ALWAYS_SEARCH_USER_PATHS = NO;
				CLANG_ANALYZER_NONNULL = YES;
				CLANG_ANALYZER_NUMBER_OBJECT_CONVERSION = YES_AGGRESSIVE;
				CLANG_CXX_LANGUAGE_STANDARD = "gnu++17";
				CLANG_CXX_LIBRARY = "libc++";
				CLANG_ENABLE_MODULES = YES;
				CLANG_ENABLE_OBJC_ARC = YES;
				CLANG_ENABLE_OBJC_WEAK = YES;
				CLANG_WARN_BLOCK_CAPTURE_AUTORELEASING = YES;
				CLANG_WARN_BOOL_CONVERSION = YES;
				CLANG_WARN_COMMA = YES;
				CLANG_WARN_CONSTANT_CONVERSION = YES;
				CLANG_WARN_DEPRECATED_OBJC_IMPLEMENTATIONS = YES;
				CLANG_WARN_DIRECT_OBJC_ISA_USAGE = YES_ERROR;
				CLANG_WARN_DOCUMENTATION_COMMENTS = YES;
				CLANG_WARN_EMPTY_BODY = YES;
				CLANG_WARN_ENUM_CONVERSION = YES;
				CLANG_WARN_INFINITE_RECURSION = YES;
				CLANG_WARN_INT_CONVERSION = YES;
				CLANG_WARN_NON_LITERAL_NULL_CONVERSION = YES;
				CLANG_WARN_OBJC_IMPLICIT_RETAIN_SELF = YES;
				CLANG_WARN_OBJC_LITERAL_CONVERSION = YES;
				CLANG_WARN_OBJC_ROOT_CLASS = YES_ERROR;
				CLANG_WARN_QUOTED_INCLUDE_IN_FRAMEWORK_HEADER = YES;
				CLANG_WARN_RANGE_LOOP_ANALYSIS = YES;
				CLANG_WARN_STRICT_PROTOTYPES = YES;
				CLANG_WARN_SUSPICIOUS_MOVE = YES;
				CLANG_WARN_UNGUARDED_AVAILABILITY = YES_AGGRESSIVE;
				CLANG_WARN_UNREACHABLE_CODE = YES;
				CLANG_WARN__DUPLICATE_METHOD_MATCH = YES;
				COPY_PHASE_STRIP = NO;
				DEBUG_INFORMATION_FORMAT = dwarf;
				ENABLE_STRICT_OBJC_MSGSEND = YES;
				ENABLE_TESTABILITY = YES;
				GCC_C_LANGUAGE_STANDARD = gnu11;
				GCC_DYNAMIC_NO_PIC = NO;
				GCC_NO_COMMON_BLOCKS = YES;
				GCC_OPTIMIZATION_LEVEL = 0;
				GCC_PREPROCESSOR_DEFINITIONS = (
					"DEBUG=1",
					"$(inherited)",
				);
				GCC_WARN_64_TO_32_BIT_CONVERSION = YES;
				GCC_WARN_ABOUT_RETURN_TYPE = YES_ERROR;
				GCC_WARN_UNDECLARED_SELECTOR = YES;
				GCC_WARN_UNINITIALIZED_AUTOS = YES_AGGRESSIVE;
				GCC_WARN_UNUSED_FUNCTION = YES;
				GCC_WARN_UNUSED_VARIABLE = YES;
				IPHONEOS_DEPLOYMENT_TARGET = 15.0;
				MTL_ENABLE_DEBUG_INFO = INCLUDE_SOURCE;
				MTL_FAST_MATH = YES;
				ONLY_ACTIVE_ARCH = YES;
				SDKROOT = iphoneos;
				SWIFT_ACTIVE_COMPILATION_CONDITIONS = DEBUG;
				SWIFT_OPTIMIZATION_LEVEL = "-Onone";
			};
			name = Debug;
		};
		34ABE63A27361E5D00B281A8 /* Release */ = {
			isa = XCBuildConfiguration;
			buildSettings = {
				ALWAYS_SEARCH_USER_PATHS = NO;
				CLANG_ANALYZER_NONNULL = YES;
				CLANG_ANALYZER_NUMBER_OBJECT_CONVERSION = YES_AGGRESSIVE;
				CLANG_CXX_LANGUAGE_STANDARD = "gnu++17";
				CLANG_CXX_LIBRARY = "libc++";
				CLANG_ENABLE_MODULES = YES;
				CLANG_ENABLE_OBJC_ARC = YES;
				CLANG_ENABLE_OBJC_WEAK = YES;
				CLANG_WARN_BLOCK_CAPTURE_AUTORELEASING = YES;
				CLANG_WARN_BOOL_CONVERSION = YES;
				CLANG_WARN_COMMA = YES;
				CLANG_WARN_CONSTANT_CONVERSION = YES;
				CLANG_WARN_DEPRECATED_OBJC_IMPLEMENTATIONS = YES;
				CLANG_WARN_DIRECT_OBJC_ISA_USAGE = YES_ERROR;
				CLANG_WARN_DOCUMENTATION_COMMENTS = YES;
				CLANG_WARN_EMPTY_BODY = YES;
				CLANG_WARN_ENUM_CONVERSION = YES;
				CLANG_WARN_INFINITE_RECURSION = YES;
				CLANG_WARN_INT_CONVERSION = YES;
				CLANG_WARN_NON_LITERAL_NULL_CONVERSION = YES;
				CLANG_WARN_OBJC_IMPLICIT_RETAIN_SELF = YES;
				CLANG_WARN_OBJC_LITERAL_CONVERSION = YES;
				CLANG_WARN_OBJC_ROOT_CLASS = YES_ERROR;
				CLANG_WARN_QUOTED_INCLUDE_IN_FRAMEWORK_HEADER = YES;
				CLANG_WARN_RANGE_LOOP_ANALYSIS = YES;
				CLANG_WARN_STRICT_PROTOTYPES = YES;
				CLANG_WARN_SUSPICIOUS_MOVE = YES;
				CLANG_WARN_UNGUARDED_AVAILABILITY = YES_AGGRESSIVE;
				CLANG_WARN_UNREACHABLE_CODE = YES;
				CLANG_WARN__DUPLICATE_METHOD_MATCH = YES;
				COPY_PHASE_STRIP = NO;
				DEBUG_INFORMATION_FORMAT = "dwarf-with-dsym";
				ENABLE_NS_ASSERTIONS = NO;
				ENABLE_STRICT_OBJC_MSGSEND = YES;
				GCC_C_LANGUAGE_STANDARD = gnu11;
				GCC_NO_COMMON_BLOCKS = YES;
				GCC_WARN_64_TO_32_BIT_CONVERSION = YES;
				GCC_WARN_ABOUT_RETURN_TYPE = YES_ERROR;
				GCC_WARN_UNDECLARED_SELECTOR = YES;
				GCC_WARN_UNINITIALIZED_AUTOS = YES_AGGRESSIVE;
				GCC_WARN_UNUSED_FUNCTION = YES;
				GCC_WARN_UNUSED_VARIABLE = YES;
				IPHONEOS_DEPLOYMENT_TARGET = 15.0;
				MTL_ENABLE_DEBUG_INFO = NO;
				MTL_FAST_MATH = YES;
				SDKROOT = iphoneos;
				SWIFT_COMPILATION_MODE = wholemodule;
				SWIFT_OPTIMIZATION_LEVEL = "-O";
				VALIDATE_PRODUCT = YES;
			};
			name = Release;
		};
		34ABE63C27361E5D00B281A8 /* Debug */ = {
			isa = XCBuildConfiguration;
			baseConfigurationReference = 289534CDF6A4398B0CEA7C33 /* Pods-InstagramClone.debug.xcconfig */;
			buildSettings = {
				ASSETCATALOG_COMPILER_APPICON_NAME = AppIcon;
				ASSETCATALOG_COMPILER_GLOBAL_ACCENT_COLOR_NAME = AccentColor;
				CODE_SIGN_STYLE = Automatic;
				CURRENT_PROJECT_VERSION = 1;
				DEVELOPMENT_TEAM = PT7TUMFDG4;
				GENERATE_INFOPLIST_FILE = YES;
				INFOPLIST_FILE = InstagramClone/Info.plist;
				INFOPLIST_KEY_UIApplicationSupportsIndirectInputEvents = YES;
				INFOPLIST_KEY_UILaunchStoryboardName = LaunchScreen;
				INFOPLIST_KEY_UIMainStoryboardFile = Main;
				INFOPLIST_KEY_UISupportedInterfaceOrientations_iPad = "UIInterfaceOrientationPortrait UIInterfaceOrientationPortraitUpsideDown UIInterfaceOrientationLandscapeLeft UIInterfaceOrientationLandscapeRight";
				INFOPLIST_KEY_UISupportedInterfaceOrientations_iPhone = "UIInterfaceOrientationPortrait UIInterfaceOrientationLandscapeLeft UIInterfaceOrientationLandscapeRight";
				LD_RUNPATH_SEARCH_PATHS = (
					"$(inherited)",
					"@executable_path/Frameworks",
				);
				MARKETING_VERSION = 1.0;
				PRODUCT_BUNDLE_IDENTIFIER = com.luisjr.miguel03.InstagramClone;
				PRODUCT_NAME = "$(TARGET_NAME)";
				SWIFT_EMIT_LOC_STRINGS = YES;
				SWIFT_VERSION = 5.0;
				TARGETED_DEVICE_FAMILY = "1,2";
			};
			name = Debug;
		};
		34ABE63D27361E5D00B281A8 /* Release */ = {
			isa = XCBuildConfiguration;
			baseConfigurationReference = 13D392B957A0615CDB4CED39 /* Pods-InstagramClone.release.xcconfig */;
			buildSettings = {
				ASSETCATALOG_COMPILER_APPICON_NAME = AppIcon;
				ASSETCATALOG_COMPILER_GLOBAL_ACCENT_COLOR_NAME = AccentColor;
				CODE_SIGN_STYLE = Automatic;
				CURRENT_PROJECT_VERSION = 1;
				DEVELOPMENT_TEAM = PT7TUMFDG4;
				GENERATE_INFOPLIST_FILE = YES;
				INFOPLIST_FILE = InstagramClone/Info.plist;
				INFOPLIST_KEY_UIApplicationSupportsIndirectInputEvents = YES;
				INFOPLIST_KEY_UILaunchStoryboardName = LaunchScreen;
				INFOPLIST_KEY_UIMainStoryboardFile = Main;
				INFOPLIST_KEY_UISupportedInterfaceOrientations_iPad = "UIInterfaceOrientationPortrait UIInterfaceOrientationPortraitUpsideDown UIInterfaceOrientationLandscapeLeft UIInterfaceOrientationLandscapeRight";
				INFOPLIST_KEY_UISupportedInterfaceOrientations_iPhone = "UIInterfaceOrientationPortrait UIInterfaceOrientationLandscapeLeft UIInterfaceOrientationLandscapeRight";
				LD_RUNPATH_SEARCH_PATHS = (
					"$(inherited)",
					"@executable_path/Frameworks",
				);
				MARKETING_VERSION = 1.0;
				PRODUCT_BUNDLE_IDENTIFIER = com.luisjr.miguel03.InstagramClone;
				PRODUCT_NAME = "$(TARGET_NAME)";
				SWIFT_EMIT_LOC_STRINGS = YES;
				SWIFT_VERSION = 5.0;
				TARGETED_DEVICE_FAMILY = "1,2";
			};
			name = Release;
		};
		34ABE63F27361E5D00B281A8 /* Debug */ = {
			isa = XCBuildConfiguration;
			baseConfigurationReference = CFE833E0EC6F67BFBF35AC30 /* Pods-InstagramCloneTests.debug.xcconfig */;
			buildSettings = {
				ALWAYS_EMBED_SWIFT_STANDARD_LIBRARIES = YES;
				BUNDLE_LOADER = "$(TEST_HOST)";
				CODE_SIGN_STYLE = Automatic;
				CURRENT_PROJECT_VERSION = 1;
				DEVELOPMENT_TEAM = PT7TUMFDG4;
				GENERATE_INFOPLIST_FILE = YES;
				IPHONEOS_DEPLOYMENT_TARGET = 15.0;
				LD_RUNPATH_SEARCH_PATHS = (
					"$(inherited)",
					"@executable_path/Frameworks",
					"@loader_path/Frameworks",
				);
				MARKETING_VERSION = 1.0;
				PRODUCT_BUNDLE_IDENTIFIER = com.luisjr.miguel03.InstagramCloneTests;
				PRODUCT_NAME = "$(TARGET_NAME)";
				SWIFT_EMIT_LOC_STRINGS = NO;
				SWIFT_VERSION = 5.0;
				TARGETED_DEVICE_FAMILY = "1,2";
				TEST_HOST = "$(BUILT_PRODUCTS_DIR)/InstagramClone.app/InstagramClone";
			};
			name = Debug;
		};
		34ABE64027361E5D00B281A8 /* Release */ = {
			isa = XCBuildConfiguration;
			baseConfigurationReference = 5466D4F34C2F89FB62AADB4B /* Pods-InstagramCloneTests.release.xcconfig */;
			buildSettings = {
				ALWAYS_EMBED_SWIFT_STANDARD_LIBRARIES = YES;
				BUNDLE_LOADER = "$(TEST_HOST)";
				CODE_SIGN_STYLE = Automatic;
				CURRENT_PROJECT_VERSION = 1;
				DEVELOPMENT_TEAM = PT7TUMFDG4;
				GENERATE_INFOPLIST_FILE = YES;
				IPHONEOS_DEPLOYMENT_TARGET = 15.0;
				LD_RUNPATH_SEARCH_PATHS = (
					"$(inherited)",
					"@executable_path/Frameworks",
					"@loader_path/Frameworks",
				);
				MARKETING_VERSION = 1.0;
				PRODUCT_BUNDLE_IDENTIFIER = com.luisjr.miguel03.InstagramCloneTests;
				PRODUCT_NAME = "$(TARGET_NAME)";
				SWIFT_EMIT_LOC_STRINGS = NO;
				SWIFT_VERSION = 5.0;
				TARGETED_DEVICE_FAMILY = "1,2";
				TEST_HOST = "$(BUILT_PRODUCTS_DIR)/InstagramClone.app/InstagramClone";
			};
			name = Release;
		};
		34ABE64227361E5D00B281A8 /* Debug */ = {
			isa = XCBuildConfiguration;
			baseConfigurationReference = C11F25DAC18E09FAE401FA93 /* Pods-InstagramClone-InstagramCloneUITests.debug.xcconfig */;
			buildSettings = {
				ALWAYS_EMBED_SWIFT_STANDARD_LIBRARIES = YES;
				CODE_SIGN_STYLE = Automatic;
				CURRENT_PROJECT_VERSION = 1;
				DEVELOPMENT_TEAM = PT7TUMFDG4;
				GENERATE_INFOPLIST_FILE = YES;
				LD_RUNPATH_SEARCH_PATHS = (
					"$(inherited)",
					"@executable_path/Frameworks",
					"@loader_path/Frameworks",
				);
				MARKETING_VERSION = 1.0;
				PRODUCT_BUNDLE_IDENTIFIER = com.luisjr.miguel03.InstagramCloneUITests;
				PRODUCT_NAME = "$(TARGET_NAME)";
				SWIFT_EMIT_LOC_STRINGS = NO;
				SWIFT_VERSION = 5.0;
				TARGETED_DEVICE_FAMILY = "1,2";
				TEST_TARGET_NAME = InstagramClone;
			};
			name = Debug;
		};
		34ABE64327361E5D00B281A8 /* Release */ = {
			isa = XCBuildConfiguration;
			baseConfigurationReference = 526A5402AD8DA099FF3F23B1 /* Pods-InstagramClone-InstagramCloneUITests.release.xcconfig */;
			buildSettings = {
				ALWAYS_EMBED_SWIFT_STANDARD_LIBRARIES = YES;
				CODE_SIGN_STYLE = Automatic;
				CURRENT_PROJECT_VERSION = 1;
				DEVELOPMENT_TEAM = PT7TUMFDG4;
				GENERATE_INFOPLIST_FILE = YES;
				LD_RUNPATH_SEARCH_PATHS = (
					"$(inherited)",
					"@executable_path/Frameworks",
					"@loader_path/Frameworks",
				);
				MARKETING_VERSION = 1.0;
				PRODUCT_BUNDLE_IDENTIFIER = com.luisjr.miguel03.InstagramCloneUITests;
				PRODUCT_NAME = "$(TARGET_NAME)";
				SWIFT_EMIT_LOC_STRINGS = NO;
				SWIFT_VERSION = 5.0;
				TARGETED_DEVICE_FAMILY = "1,2";
				TEST_TARGET_NAME = InstagramClone;
			};
			name = Release;
		};
/* End XCBuildConfiguration section */

/* Begin XCConfigurationList section */
		34ABE60C27361E5700B281A8 /* Build configuration list for PBXProject "InstagramClone" */ = {
			isa = XCConfigurationList;
			buildConfigurations = (
				34ABE63927361E5D00B281A8 /* Debug */,
				34ABE63A27361E5D00B281A8 /* Release */,
			);
			defaultConfigurationIsVisible = 0;
			defaultConfigurationName = Release;
		};
		34ABE63B27361E5D00B281A8 /* Build configuration list for PBXNativeTarget "InstagramClone" */ = {
			isa = XCConfigurationList;
			buildConfigurations = (
				34ABE63C27361E5D00B281A8 /* Debug */,
				34ABE63D27361E5D00B281A8 /* Release */,
			);
			defaultConfigurationIsVisible = 0;
			defaultConfigurationName = Release;
		};
		34ABE63E27361E5D00B281A8 /* Build configuration list for PBXNativeTarget "InstagramCloneTests" */ = {
			isa = XCConfigurationList;
			buildConfigurations = (
				34ABE63F27361E5D00B281A8 /* Debug */,
				34ABE64027361E5D00B281A8 /* Release */,
			);
			defaultConfigurationIsVisible = 0;
			defaultConfigurationName = Release;
		};
		34ABE64127361E5D00B281A8 /* Build configuration list for PBXNativeTarget "InstagramCloneUITests" */ = {
			isa = XCConfigurationList;
			buildConfigurations = (
				34ABE64227361E5D00B281A8 /* Debug */,
				34ABE64327361E5D00B281A8 /* Release */,
			);
			defaultConfigurationIsVisible = 0;
			defaultConfigurationName = Release;
		};
/* End XCConfigurationList section */
	};
	rootObject = 34ABE60927361E5700B281A8 /* Project object */;
}
